
Microsoft Visual Studio Solution File, Format Version 12.00
# Visual Studio Express 2012 for Windows Desktop
Project("{F184B08F-C81C-45F6-A57F-5ABD9991F28F}") = "randomNum", "randomNum\randomNum.vbproj", "{432A356D-CFD5-4E44-B999-FF379F7DCA2C}"
EndProject
Global
	GlobalSection(SolutionConfigurationPlatforms) = preSolution
		Debug|Any CPU = Debug|Any CPU
		Release|Any CPU = Release|Any CPU
	EndGlobalSection
	GlobalSection(ProjectConfigurationPlatforms) = postSolution
		{432A356D-CFD5-4E44-B999-FF379F7DCA2C}.Debug|Any CPU.ActiveCfg = Debug|Any CPU
		{432A356D-CFD5-4E44-B999-FF379F7DCA2C}.Debug|Any CPU.Build.0 = Debug|Any CPU
		{432A356D-CFD5-4E44-B999-FF379F7DCA2C}.Release|Any CPU.ActiveCfg = Release|Any CPU
		{432A356D-CFD5-4E44-B999-FF379F7DCA2C}.Release|Any CPU.Build.0 = Release|Any CPU
	EndGlobalSection
	GlobalSection(SolutionProperties) = preSolution
		HideSolutionNode = FALSE
	EndGlobalSection
EndGlobal
